
Microsoft Visual Studio Solution File, Format Version 12.00
# Visual Studio Version 17
VisualStudioVersion = 17.4.33103.184
MinimumVisualStudioVersion = 10.0.40219.1
Project("{FAE04EC0-301F-11D3-BF4B-00C04F79EFBC}") = "WebApplication1", "WebApplication1\WebApplication1.csproj", "{46731169-E8AD-430F-93E3-855924B968AF}"
EndProject
Global
	GlobalSection(SolutionConfigurationPlatforms) = preSolution
		Debug|Any CPU = Debug|Any CPU
		Release|Any CPU = Release|Any CPU
	EndGlobalSection
	GlobalSection(ProjectConfigurationPlatforms) = postSolution
		{46731169-E8AD-430F-93E3-855924B968AF}.Debug|Any CPU.ActiveCfg = Debug|Any CPU
		{46731169-E8AD-430F-93E3-855924B968AF}.Debug|Any CPU.Build.0 = Debug|Any CPU
		{46731169-E8AD-430F-93E3-855924B968AF}.Release|Any CPU.ActiveCfg = Release|Any CPU
		{46731169-E8AD-430F-93E3-855924B968AF}.Release|Any CPU.Build.0 = Release|Any CPU
	EndGlobalSection
	GlobalSection(SolutionProperties) = preSolution
		HideSolutionNode = FALSE
	EndGlobalSection
	GlobalSection(ExtensibilityGlobals) = postSolution
		SolutionGuid = {95090FC9-75B3-4E37-AA74-AB560728205E}
	EndGlobalSection
EndGlobal
